
Microsoft Visual Studio Solution File, Format Version 12.00
# Visual Studio Version 16
VisualStudioVersion = 16.0.30413.136
MinimumVisualStudioVersion = 10.0.40219.1
Project("{FAE04EC0-301F-11D3-BF4B-00C04F79EFBC}") = "C-Sharp Guide", "C-Sharp Guide\C-Sharp Guide.csproj", "{A687064F-6E09-4032-95EA-56B96BC5E88A}"
EndProject
Global
	GlobalSection(SolutionConfigurationPlatforms) = preSolution
		Debug|Any CPU = Debug|Any CPU
		Release|Any CPU = Release|Any CPU
	EndGlobalSection
	GlobalSection(ProjectConfigurationPlatforms) = postSolution
		{A687064F-6E09-4032-95EA-56B96BC5E88A}.Debug|Any CPU.ActiveCfg = Debug|Any CPU
		{A687064F-6E09-4032-95EA-56B96BC5E88A}.Debug|Any CPU.Build.0 = Debug|Any CPU
		{A687064F-6E09-4032-95EA-56B96BC5E88A}.Release|Any CPU.ActiveCfg = Release|Any CPU
		{A687064F-6E09-4032-95EA-56B96BC5E88A}.Release|Any CPU.Build.0 = Release|Any CPU
	EndGlobalSection
	GlobalSection(SolutionProperties) = preSolution
		HideSolutionNode = FALSE
	EndGlobalSection
	GlobalSection(ExtensibilityGlobals) = postSolution
		SolutionGuid = {0FCE5E50-6373-4AB8-ACBF-DD18DCA6F977}
	EndGlobalSection
EndGlobal
